
Microsoft Visual Studio Solution File, Format Version 12.00
# Visual Studio Version 17
VisualStudioVersion = 17.4.33103.184
MinimumVisualStudioVersion = 10.0.40219.1
Project("{FAE04EC0-301F-11D3-BF4B-00C04F79EFBC}") = "ConsoleApp3", "ConsoleApp3\ConsoleApp3.csproj", "{91129EE7-A1B0-481B-96B6-422F18C63985}"
EndProject
Global
	GlobalSection(SolutionConfigurationPlatforms) = preSolution
		Debug|Any CPU = Debug|Any CPU
		Release|Any CPU = Release|Any CPU
	EndGlobalSection
	GlobalSection(ProjectConfigurationPlatforms) = postSolution
		{91129EE7-A1B0-481B-96B6-422F18C63985}.Debug|Any CPU.ActiveCfg = Debug|Any CPU
		{91129EE7-A1B0-481B-96B6-422F18C63985}.Debug|Any CPU.Build.0 = Debug|Any CPU
		{91129EE7-A1B0-481B-96B6-422F18C63985}.Release|Any CPU.ActiveCfg = Release|Any CPU
		{91129EE7-A1B0-481B-96B6-422F18C63985}.Release|Any CPU.Build.0 = Release|Any CPU
	EndGlobalSection
	GlobalSection(SolutionProperties) = preSolution
		HideSolutionNode = FALSE
	EndGlobalSection
	GlobalSection(ExtensibilityGlobals) = postSolution
		SolutionGuid = {3AD67230-B637-45B6-9620-75A7137C4CDA}
	EndGlobalSection
EndGlobal
